
Microsoft Visual Studio Solution File, Format Version 12.00
# Visual Studio Version 17
VisualStudioVersion = 17.8.34408.163
MinimumVisualStudioVersion = 10.0.40219.1
Project("{FAE04EC0-301F-11D3-BF4B-00C04F79EFBC}") = "Polyglot.Utility", "Polyglot.Utility.csproj", "{49E60E73-E8C4-446C-9214-95A50035744E}"
EndProject
Project("{FAE04EC0-301F-11D3-BF4B-00C04F79EFBC}") = "Polyglot.Utility.Infrastructure", "..\Polyglot.Utility.Infrastructure\Polyglot.Utility.Infrastructure.csproj", "{9D767A0A-380A-4F94-9D0D-6E696D97912A}"
EndProject
Global
	GlobalSection(SolutionConfigurationPlatforms) = preSolution
		Debug|Any CPU = Debug|Any CPU
		Release|Any CPU = Release|Any CPU
	EndGlobalSection
	GlobalSection(ProjectConfigurationPlatforms) = postSolution
		{49E60E73-E8C4-446C-9214-95A50035744E}.Debug|Any CPU.ActiveCfg = Debug|Any CPU
		{49E60E73-E8C4-446C-9214-95A50035744E}.Debug|Any CPU.Build.0 = Debug|Any CPU
		{49E60E73-E8C4-446C-9214-95A50035744E}.Release|Any CPU.ActiveCfg = Release|Any CPU
		{49E60E73-E8C4-446C-9214-95A50035744E}.Release|Any CPU.Build.0 = Release|Any CPU
		{9D767A0A-380A-4F94-9D0D-6E696D97912A}.Debug|Any CPU.ActiveCfg = Debug|Any CPU
		{9D767A0A-380A-4F94-9D0D-6E696D97912A}.Debug|Any CPU.Build.0 = Debug|Any CPU
		{9D767A0A-380A-4F94-9D0D-6E696D97912A}.Release|Any CPU.ActiveCfg = Release|Any CPU
		{9D767A0A-380A-4F94-9D0D-6E696D97912A}.Release|Any CPU.Build.0 = Release|Any CPU
	EndGlobalSection
	GlobalSection(SolutionProperties) = preSolution
		HideSolutionNode = FALSE
	EndGlobalSection
	GlobalSection(ExtensibilityGlobals) = postSolution
		SolutionGuid = {3A0E32C3-BFB2-4741-8B5B-987F19B34707}
	EndGlobalSection
EndGlobal
